// !$*UTF8*$!
{
	archiveVersion = 1;
	classes = {
	};
	objectVersion = 55;
	objects = {

/* Begin PBXBuildFile section */
		81DA607F272EAFA40032AB6A /* AppDelegate.swift in Sources */ = {isa = PBXBuildFile; fileRef = 81DA607E272EAFA40032AB6A /* AppDelegate.swift */; };
		81DA6081272EAFA40032AB6A /* SceneDelegate.swift in Sources */ = {isa = PBXBuildFile; fileRef = 81DA6080272EAFA40032AB6A /* SceneDelegate.swift */; };
		81DA6083272EAFA40032AB6A /* ViewController.swift in Sources */ = {isa = PBXBuildFile; fileRef = 81DA6082272EAFA40032AB6A /* ViewController.swift */; };
		81DA6086272EAFA40032AB6A /* Main.storyboard in Resources */ = {isa = PBXBuildFile; fileRef = 81DA6084272EAFA40032AB6A /* Main.storyboard */; };
		81DA6088272EAFA80032AB6A /* Assets.xcassets in Resources */ = {isa = PBXBuildFile; fileRef = 81DA6087272EAFA80032AB6A /* Assets.xcassets */; };
		81DA608B272EAFA80032AB6A /* LaunchScreen.storyboard in Resources */ = {isa = PBXBuildFile; fileRef = 81DA6089272EAFA80032AB6A /* LaunchScreen.storyboard */; };
		81DA6096272EAFA90032AB6A /* TableViewsTests.swift in Sources */ = {isa = PBXBuildFile; fileRef = 81DA6095272EAFA90032AB6A /* TableViewsTests.swift */; };
		81DA60A0272EAFA90032AB6A /* TableViewsUITests.swift in Sources */ = {isa = PBXBuildFile; fileRef = 81DA609F272EAFA90032AB6A /* TableViewsUITests.swift */; };
		81DA60A2272EAFA90032AB6A /* TableViewsUITestsLaunchTests.swift in Sources */ = {isa = PBXBuildFile; fileRef = 81DA60A1272EAFA90032AB6A /* TableViewsUITestsLaunchTests.swift */; };
/* End PBXBuildFile section */

/* Begin PBXContainerItemProxy section */
		81DA6092272EAFA90032AB6A /* PBXContainerItemProxy */ = {
			isa = PBXContainerItemProxy;
			containerPortal = 81DA6073272EAFA40032AB6A /* Project object */;
			proxyType = 1;
			remoteGlobalIDString = 81DA607A272EAFA40032AB6A;
			remoteInfo = TableViews;
		};
		81DA609C272EAFA90032AB6A /* PBXContainerItemProxy */ = {
			isa = PBXContainerItemProxy;
			containerPortal = 81DA6073272EAFA40032AB6A /* Project object */;
			proxyType = 1;
			remoteGlobalIDString = 81DA607A272EAFA40032AB6A;
			remoteInfo = TableViews;
		};
/* End PBXContainerItemProxy section */

/* Begin PBXFileReference section */
		81DA607B272EAFA40032AB6A /* TableViews.app */ = {isa = PBXFileReference; explicitFileType = wrapper.application; includeInIndex = 0; path = TableViews.app; sourceTree = BUILT_PRODUCTS_DIR; };
		81DA607E272EAFA40032AB6A /* AppDelegate.swift */ = {isa = PBXFileReference; lastKnownFileType = sourcecode.swift; path = AppDelegate.swift; sourceTree = "<group>"; };
		81DA6080272EAFA40032AB6A /* SceneDelegate.swift */ = {isa = PBXFileReference; lastKnownFileType = sourcecode.swift; path = SceneDelegate.swift; sourceTree = "<group>"; };
		81DA6082272EAFA40032AB6A /* ViewController.swift */ = {isa = PBXFileReference; lastKnownFileType = sourcecode.swift; path = ViewController.swift; sourceTree = "<group>"; };
		81DA6085272EAFA40032AB6A /* Base */ = {isa = PBXFileReference; lastKnownFileType = file.storyboard; name = Base; path = Base.lproj/Main.storyboard; sourceTree = "<group>"; };
		81DA6087272EAFA80032AB6A /* Assets.xcassets */ = {isa = PBXFileReference; lastKnownFileType = folder.assetcatalog; path = Assets.xcassets; sourceTree = "<group>"; };
		81DA608A272EAFA80032AB6A /* Base */ = {isa = PBXFileReference; lastKnownFileType = file.storyboard; name = Base; path = Base.lproj/LaunchScreen.storyboard; sourceTree = "<group>"; };
		81DA608C272EAFA80032AB6A /* Info.plist */ = {isa = PBXFileReference; lastKnownFileType = text.plist.xml; path = Info.plist; sourceTree = "<group>"; };
		81DA6091272EAFA90032AB6A /* TableViewsTests.xctest */ = {isa = PBXFileReference; explicitFileType = wrapper.cfbundle; includeInIndex = 0; path = TableViewsTests.xctest; sourceTree = BUILT_PRODUCTS_DIR; };
		81DA6095272EAFA90032AB6A /* TableViewsTests.swift */ = {isa = PBXFileReference; lastKnownFileType = sourcecode.swift; path = TableViewsTests.swift; sourceTree = "<group>"; };
		81DA609B272EAFA90032AB6A /* TableViewsUITests.xctest */ = {isa = PBXFileReference; explicitFileType = wrapper.cfbundle; includeInIndex = 0; path = TableViewsUITests.xctest; sourceTree = BUILT_PRODUCTS_DIR; };
		81DA609F272EAFA90032AB6A /* TableViewsUITests.swift */ = {isa = PBXFileReference; lastKnownFileType = sourcecode.swift; path = TableViewsUITests.swift; sourceTree = "<group>"; };
		81DA60A1272EAFA90032AB6A /* TableViewsUITestsLaunchTests.swift */ = {isa = PBXFileReference; lastKnownFileType = sourcecode.swift; path = TableViewsUITestsLaunchTests.swift; sourceTree = "<group>"; };
/* End PBXFileReference section */

/* Begin PBXFrameworksBuildPhase section */
		81DA6078272EAFA40032AB6A /* Frameworks */ = {
			isa = PBXFrameworksBuildPhase;
			buildActionMask = 2147483647;
			files = (
			);
			runOnlyForDeploymentPostprocessing = 0;
		};
		81DA608E272EAFA90032AB6A /* Frameworks */ = {
			isa = PBXFrameworksBuildPhase;
			buildActionMask = 2147483647;
			files = (
			);
			runOnlyForDeploymentPostprocessing = 0;
		};
		81DA6098272EAFA90032AB6A /* Frameworks */ = {
			isa = PBXFrameworksBuildPhase;
			buildActionMask = 2147483647;
			files = (
			);
			runOnlyForDeploymentPostprocessing = 0;
		};
/* End PBXFrameworksBuildPhase section */

/* Begin PBXGroup section */
		81DA6072272EAFA40032AB6A = {
			isa = PBXGroup;
			children = (
				81DA607C272EAFA40032AB6A /* Products */,
				81DA607D272EAFA40032AB6A /* TableViews */,
				81DA6094272EAFA90032AB6A /* TableViewsTests */,
				81DA609E272EAFA90032AB6A /* TableViewsUITests */,
			);
			sourceTree = "<group>";
		};
		81DA607C272EAFA40032AB6A /* Products */ = {
			isa = PBXGroup;
			children = (
				81DA607B272EAFA40032AB6A /* TableViews.app */,
				81DA6091272EAFA90032AB6A /* TableViewsTests.xctest */,
				81DA609B272EAFA90032AB6A /* TableViewsUITests.xctest */,
			);
			name = Products;
			sourceTree = "<group>";
		};
		81DA607D272EAFA40032AB6A /* TableViews */ = {
			isa = PBXGroup;
			children = (
				81DA607E272EAFA40032AB6A /* AppDelegate.swift */,
				81DA6080272EAFA40032AB6A /* SceneDelegate.swift */,
				81DA6082272EAFA40032AB6A /* ViewController.swift */,
				81DA6084272EAFA40032AB6A /* Main.storyboard */,
				81DA6087272EAFA80032AB6A /* Assets.xcassets */,
				81DA6089272EAFA80032AB6A /* LaunchScreen.storyboard */,
				81DA608C272EAFA80032AB6A /* Info.plist */,
			);
			path = TableViews;
			sourceTree = "<group>";
		};
		81DA6094272EAFA90032AB6A /* TableViewsTests */ = {
			isa = PBXGroup;
			children = (
				81DA6095272EAFA90032AB6A /* TableViewsTests.swift */,
			);
			path = TableViewsTests;
			sourceTree = "<group>";
		};
		81DA609E272EAFA90032AB6A /* TableViewsUITests */ = {
			isa = PBXGroup;
			children = (
				81DA609F272EAFA90032AB6A /* TableViewsUITests.swift */,
				81DA60A1272EAFA90032AB6A /* TableViewsUITestsLaunchTests.swift */,
			);
			path = TableViewsUITests;
			sourceTree = "<group>";
		};
/* End PBXGroup section */

/* Begin PBXNativeTarget section */
		81DA607A272EAFA40032AB6A /* TableViews */ = {
			isa = PBXNativeTarget;
			buildConfigurationList = 81DA60A5272EAFA90032AB6A /* Build configuration list for PBXNativeTarget "TableViews" */;
			buildPhases = (
				81DA6077272EAFA40032AB6A /* Sources */,
				81DA6078272EAFA40032AB6A /* Frameworks */,
				81DA6079272EAFA40032AB6A /* Resources */,
			);
			buildRules = (
			);
			dependencies = (
			);
			name = TableViews;
			productName = TableViews;
			productReference = 81DA607B272EAFA40032AB6A /* TableViews.app */;
			productType = "com.apple.product-type.application";
		};
		81DA6090272EAFA90032AB6A /* TableViewsTests */ = {
			isa = PBXNativeTarget;
			buildConfigurationList = 81DA60A8272EAFA90032AB6A /* Build configuration list for PBXNativeTarget "TableViewsTests" */;
			buildPhases = (
				81DA608D272EAFA90032AB6A /* Sources */,
				81DA608E272EAFA90032AB6A /* Frameworks */,
				81DA608F272EAFA90032AB6A /* Resources */,
			);
			buildRules = (
			);
			dependencies = (
				81DA6093272EAFA90032AB6A /* PBXTargetDependency */,
			);
			name = TableViewsTests;
			productName = TableViewsTests;
			productReference = 81DA6091272EAFA90032AB6A /* TableViewsTests.xctest */;
			productType = "com.apple.product-type.bundle.unit-test";
		};
		81DA609A272EAFA90032AB6A /* TableViewsUITests */ = {
			isa = PBXNativeTarget;
			buildConfigurationList = 81DA60AB272EAFA90032AB6A /* Build configuration list for PBXNativeTarget "TableViewsUITests" */;
			buildPhases = (
				81DA6097272EAFA90032AB6A /* Sources */,
				81DA6098272EAFA90032AB6A /* Frameworks */,
				81DA6099272EAFA90032AB6A /* Resources */,
			);
			buildRules = (
			);
			dependencies = (
				81DA609D272EAFA90032AB6A /* PBXTargetDependency */,
			);
			name = TableViewsUITests;
			productName = TableViewsUITests;
			productReference = 81DA609B272EAFA90032AB6A /* TableViewsUITests.xctest */;
			productType = "com.apple.product-type.bundle.ui-testing";
		};
/* End PBXNativeTarget section */

/* Begin PBXProject section */
		81DA6073272EAFA40032AB6A /* Project object */ = {
			isa = PBXProject;
			attributes = {
				BuildIndependentTargetsInParallel = 1;
				LastSwiftUpdateCheck = 1300;
				LastUpgradeCheck = 1300;
				TargetAttributes = {
					81DA607A272EAFA40032AB6A = {
						CreatedOnToolsVersion = 13.0;
					};
					81DA6090272EAFA90032AB6A = {
						CreatedOnToolsVersion = 13.0;
						TestTargetID = 81DA607A272EAFA40032AB6A;
					};
					81DA609A272EAFA90032AB6A = {
						CreatedOnToolsVersion = 13.0;
						TestTargetID = 81DA607A272EAFA40032AB6A;
					};
				};
			};
			buildConfigurationList = 81DA6076272EAFA40032AB6A /* Build configuration list for PBXProject "TableViews" */;
			compatibilityVersion = "Xcode 13.0";
			developmentRegion = en;
			hasScannedForEncodings = 0;
			knownRegions = (
				en,
				Base,
			);
			mainGroup = 81DA6072272EAFA40032AB6A;
			productRefGroup = 81DA607C272EAFA40032AB6A /* Products */;
			projectDirPath = "";
			projectRoot = "";
			targets = (
				81DA607A272EAFA40032AB6A /* TableViews */,
				81DA6090272EAFA90032AB6A /* TableViewsTests */,
				81DA609A272EAFA90032AB6A /* TableViewsUITests */,
			);
		};
/* End PBXProject section */

/* Begin PBXResourcesBuildPhase section */
		81DA6079272EAFA40032AB6A /* Resources */ = {
			isa = PBXResourcesBuildPhase;
			buildActionMask = 2147483647;
			files = (
				81DA608B272EAFA80032AB6A /* LaunchScreen.storyboard in Resources */,
				81DA6088272EAFA80032AB6A /* Assets.xcassets in Resources */,
				81DA6086272EAFA40032AB6A /* Main.storyboard in Resources */,
			);
			runOnlyForDeploymentPostprocessing = 0;
		};
		81DA608F272EAFA90032AB6A /* Resources */ = {
			isa = PBXResourcesBuildPhase;
			buildActionMask = 2147483647;
			files = (
			);
			runOnlyForDeploymentPostprocessing = 0;
		};
		81DA6099272EAFA90032AB6A /* Resources */ = {
			isa = PBXResourcesBuildPhase;
			buildActionMask = 2147483647;
			files = (
			);
			runOnlyForDeploymentPostprocessing = 0;
		};
/* End PBXResourcesBuildPhase section */

/* Begin PBXSourcesBuildPhase section */
		81DA6077272EAFA40032AB6A /* Sources */ = {
			isa = PBXSourcesBuildPhase;
			buildActionMask = 2147483647;
			files = (
				81DA6083272EAFA40032AB6A /* ViewController.swift in Sources */,
				81DA607F272EAFA40032AB6A /* AppDelegate.swift in Sources */,
				81DA6081272EAFA40032AB6A /* SceneDelegate.swift in Sources */,
			);
			runOnlyForDeploymentPostprocessing = 0;
		};
		81DA608D272EAFA90032AB6A /* Sources */ = {
			isa = PBXSourcesBuildPhase;
			buildActionMask = 2147483647;
			files = (
				81DA6096272EAFA90032AB6A /* TableViewsTests.swift in Sources */,
			);
			runOnlyForDeploymentPostprocessing = 0;
		};
		81DA6097272EAFA90032AB6A /* Sources */ = {
			isa = PBXSourcesBuildPhase;
			buildActionMask = 2147483647;
			files = (
				81DA60A2272EAFA90032AB6A /* TableViewsUITestsLaunchTests.swift in Sources */,
				81DA60A0272EAFA90032AB6A /* TableViewsUITests.swift in Sources */,
			);
			runOnlyForDeploymentPostprocessing = 0;
		};
/* End PBXSourcesBuildPhase section */

/* Begin PBXTargetDependency section */
		81DA6093272EAFA90032AB6A /* PBXTargetDependency */ = {
			isa = PBXTargetDependency;
			target = 81DA607A272EAFA40032AB6A /* TableViews */;
			targetProxy = 81DA6092272EAFA90032AB6A /* PBXContainerItemProxy */;
		};
		81DA609D272EAFA90032AB6A /* PBXTargetDependency */ = {
			isa = PBXTargetDependency;
			target = 81DA607A272EAFA40032AB6A /* TableViews */;
			targetProxy = 81DA609C272EAFA90032AB6A /* PBXContainerItemProxy */;
		};
/* End PBXTargetDependency section */

/* Begin PBXVariantGroup section */
		81DA6084272EAFA40032AB6A /* Main.storyboard */ = {
			isa = PBXVariantGroup;
			children = (
				81DA6085272EAFA40032AB6A /* Base */,
			);
			name = Main.storyboard;
			sourceTree = "<group>";
		};
		81DA6089272EAFA80032AB6A /* LaunchScreen.storyboard */ = {
			isa = PBXVariantGroup;
			children = (
				81DA608A272EAFA80032AB6A /* Base */,
			);
			name = LaunchScreen.storyboard;
			sourceTree = "<group>";
		};
/* End PBXVariantGroup section */

/* Begin XCBuildConfiguration section */
		81DA60A3272EAFA90032AB6A /* Debug */ = {
			isa = XCBuildConfiguration;
			buildSettings = {
				ALWAYS_SEARCH_USER_PATHS = NO;
				CLANG_ANALYZER_NONNULL = YES;
				CLANG_ANALYZER_NUMBER_OBJECT_CONVERSION = YES_AGGRESSIVE;
				CLANG_CXX_LANGUAGE_STANDARD = "gnu++17";
				CLANG_CXX_LIBRARY = "libc++";
				CLANG_ENABLE_MODULES = YES;
				CLANG_ENABLE_OBJC_ARC = YES;
				CLANG_ENABLE_OBJC_WEAK = YES;
				CLANG_WARN_BLOCK_CAPTURE_AUTORELEASING = YES;
				CLANG_WARN_BOOL_CONVERSION = YES;
				CLANG_WARN_COMMA = YES;
				CLANG_WARN_CONSTANT_CONVERSION = YES;
				CLANG_WARN_DEPRECATED_OBJC_IMPLEMENTATIONS = YES;
				CLANG_WARN_DIRECT_OBJC_ISA_USAGE = YES_ERROR;
				CLANG_WARN_DOCUMENTATION_COMMENTS = YES;
				CLANG_WARN_EMPTY_BODY = YES;
				CLANG_WARN_ENUM_CONVERSION = YES;
				CLANG_WARN_INFINITE_RECURSION = YES;
				CLANG_WARN_INT_CONVERSION = YES;
				CLANG_WARN_NON_LITERAL_NULL_CONVERSION = YES;
				CLANG_WARN_OBJC_IMPLICIT_RETAIN_SELF = YES;
				CLANG_WARN_OBJC_LITERAL_CONVERSION = YES;
				CLANG_WARN_OBJC_ROOT_CLASS = YES_ERROR;
				CLANG_WARN_QUOTED_INCLUDE_IN_FRAMEWORK_HEADER = YES;
				CLANG_WARN_RANGE_LOOP_ANALYSIS = YES;
				CLANG_WARN_STRICT_PROTOTYPES = YES;
				CLANG_WARN_SUSPICIOUS_MOVE = YES;
				CLANG_WARN_UNGUARDED_AVAILABILITY = YES_AGGRESSIVE;
				CLANG_WARN_UNREACHABLE_CODE = YES;
				CLANG_WARN__DUPLICATE_METHOD_MATCH = YES;
				COPY_PHASE_STRIP = NO;
				DEBUG_INFORMATION_FORMAT = dwarf;
				ENABLE_STRICT_OBJC_MSGSEND = YES;
				ENABLE_TESTABILITY = YES;
				GCC_C_LANGUAGE_STANDARD = gnu11;
				GCC_DYNAMIC_NO_PIC = NO;
				GCC_NO_COMMON_BLOCKS = YES;
				GCC_OPTIMIZATION_LEVEL = 0;
				GCC_PREPROCESSOR_DEFINITIONS = (
					"DEBUG=1",
					"$(inherited)",
				);
				GCC_WARN_64_TO_32_BIT_CONVERSION = YES;
				GCC_WARN_ABOUT_RETURN_TYPE = YES_ERROR;
				GCC_WARN_UNDECLARED_SELECTOR = YES;
				GCC_WARN_UNINITIALIZED_AUTOS = YES_AGGRESSIVE;
				GCC_WARN_UNUSED_FUNCTION = YES;
				GCC_WARN_UNUSED_VARIABLE = YES;
				IPHONEOS_DEPLOYMENT_TARGET = 15.0;
				MTL_ENABLE_DEBUG_INFO = INCLUDE_SOURCE;
				MTL_FAST_MATH = YES;
				ONLY_ACTIVE_ARCH = YES;
				SDKROOT = iphoneos;
				SWIFT_ACTIVE_COMPILATION_CONDITIONS = DEBUG;
				SWIFT_OPTIMIZATION_LEVEL = "-Onone";
			};
			name = Debug;
		};
		81DA60A4272EAFA90032AB6A /* Release */ = {
			isa = XCBuildConfiguration;
			buildSettings = {
				ALWAYS_SEARCH_USER_PATHS = NO;
				CLANG_ANALYZER_NONNULL = YES;
				CLANG_ANALYZER_NUMBER_OBJECT_CONVERSION = YES_AGGRESSIVE;
				CLANG_CXX_LANGUAGE_STANDARD = "gnu++17";
				CLANG_CXX_LIBRARY = "libc++";
				CLANG_ENABLE_MODULES = YES;
				CLANG_ENABLE_OBJC_ARC = YES;
				CLANG_ENABLE_OBJC_WEAK = YES;
				CLANG_WARN_BLOCK_CAPTURE_AUTORELEASING = YES;
				CLANG_WARN_BOOL_CONVERSION = YES;
				CLANG_WARN_COMMA = YES;
				CLANG_WARN_CONSTANT_CONVERSION = YES;
				CLANG_WARN_DEPRECATED_OBJC_IMPLEMENTATIONS = YES;
				CLANG_WARN_DIRECT_OBJC_ISA_USAGE = YES_ERROR;
				CLANG_WARN_DOCUMENTATION_COMMENTS = YES;
				CLANG_WARN_EMPTY_BODY = YES;
				CLANG_WARN_ENUM_CONVERSION = YES;
				CLANG_WARN_INFINITE_RECURSION = YES;
				CLANG_WARN_INT_CONVERSION = YES;
				CLANG_WARN_NON_LITERAL_NULL_CONVERSION = YES;
				CLANG_WARN_OBJC_IMPLICIT_RETAIN_SELF = YES;
				CLANG_WARN_OBJC_LITERAL_CONVERSION = YES;
				CLANG_WARN_OBJC_ROOT_CLASS = YES_ERROR;
				CLANG_WARN_QUOTED_INCLUDE_IN_FRAMEWORK_HEADER = YES;
				CLANG_WARN_RANGE_LOOP_ANALYSIS = YES;
				CLANG_WARN_STRICT_PROTOTYPES = YES;
				CLANG_WARN_SUSPICIOUS_MOVE = YES;
				CLANG_WARN_UNGUARDED_AVAILABILITY = YES_AGGRESSIVE;
				CLANG_WARN_UNREACHABLE_CODE = YES;
				CLANG_WARN__DUPLICATE_METHOD_MATCH = YES;
				COPY_PHASE_STRIP = NO;
				DEBUG_INFORMATION_FORMAT = "dwarf-with-dsym";
				ENABLE_NS_ASSERTIONS = NO;
				ENABLE_STRICT_OBJC_MSGSEND = YES;
				GCC_C_LANGUAGE_STANDARD = gnu11;
				GCC_NO_COMMON_BLOCKS = YES;
				GCC_WARN_64_TO_32_BIT_CONVERSION = YES;
				GCC_WARN_ABOUT_RETURN_TYPE = YES_ERROR;
				GCC_WARN_UNDECLARED_SELECTOR = YES;
				GCC_WARN_UNINITIALIZED_AUTOS = YES_AGGRESSIVE;
				GCC_WARN_UNUSED_FUNCTION = YES;
				GCC_WARN_UNUSED_VARIABLE = YES;
				IPHONEOS_DEPLOYMENT_TARGET = 15.0;
				MTL_ENABLE_DEBUG_INFO = NO;
				MTL_FAST_MATH = YES;
				SDKROOT = iphoneos;
				SWIFT_COMPILATION_MODE = wholemodule;
				SWIFT_OPTIMIZATION_LEVEL = "-O";
				VALIDATE_PRODUCT = YES;
			};
			name = Release;
		};
		81DA60A6272EAFA90032AB6A /* Debug */ = {
			isa = XCBuildConfiguration;
			buildSettings = {
				ASSETCATALOG_COMPILER_APPICON_NAME = AppIcon;
				ASSETCATALOG_COMPILER_GLOBAL_ACCENT_COLOR_NAME = AccentColor;
				CODE_SIGN_STYLE = Automatic;
				CURRENT_PROJECT_VERSION = 1;
				GENERATE_INFOPLIST_FILE = YES;
				INFOPLIST_FILE = TableViews/Info.plist;
				INFOPLIST_KEY_UIApplicationSupportsIndirectInputEvents = YES;
				INFOPLIST_KEY_UILaunchStoryboardName = LaunchScreen;
				INFOPLIST_KEY_UIMainStoryboardFile = Main;
				INFOPLIST_KEY_UISupportedInterfaceOrientations_iPad = "UIInterfaceOrientationPortrait UIInterfaceOrientationPortraitUpsideDown UIInterfaceOrientationLandscapeLeft UIInterfaceOrientationLandscapeRight";
				INFOPLIST_KEY_UISupportedInterfaceOrientations_iPhone = "UIInterfaceOrientationPortrait UIInterfaceOrientationLandscapeLeft UIInterfaceOrientationLandscapeRight";
				LD_RUNPATH_SEARCH_PATHS = (
					"$(inherited)",
					"@executable_path/Frameworks",
				);
				MARKETING_VERSION = 1.0;
				PRODUCT_BUNDLE_IDENTIFIER = com.google.TableViews;
				PRODUCT_NAME = "$(TARGET_NAME)";
				SWIFT_EMIT_LOC_STRINGS = YES;
				SWIFT_VERSION = 5.0;
				TARGETED_DEVICE_FAMILY = "1,2";
			};
			name = Debug;
		};
		81DA60A7272EAFA90032AB6A /* Release */ = {
			isa = XCBuildConfiguration;
			buildSettings = {
				ASSETCATALOG_COMPILER_APPICON_NAME = AppIcon;
				ASSETCATALOG_COMPILER_GLOBAL_ACCENT_COLOR_NAME = AccentColor;
				CODE_SIGN_STYLE = Automatic;
				CURRENT_PROJECT_VERSION = 1;
				GENERATE_INFOPLIST_FILE = YES;
				INFOPLIST_FILE = TableViews/Info.plist;
				INFOPLIST_KEY_UIApplicationSupportsIndirectInputEvents = YES;
				INFOPLIST_KEY_UILaunchStoryboardName = LaunchScreen;
				INFOPLIST_KEY_UIMainStoryboardFile = Main;
				INFOPLIST_KEY_UISupportedInterfaceOrientations_iPad = "UIInterfaceOrientationPortrait UIInterfaceOrientationPortraitUpsideDown UIInterfaceOrientationLandscapeLeft UIInterfaceOrientationLandscapeRight";
				INFOPLIST_KEY_UISupportedInterfaceOrientations_iPhone = "UIInterfaceOrientationPortrait UIInterfaceOrientationLandscapeLeft UIInterfaceOrientationLandscapeRight";
				LD_RUNPATH_SEARCH_PATHS = (
					"$(inherited)",
					"@executable_path/Frameworks",
				);
				MARKETING_VERSION = 1.0;
				PRODUCT_BUNDLE_IDENTIFIER = com.google.TableViews;
				PRODUCT_NAME = "$(TARGET_NAME)";
				SWIFT_EMIT_LOC_STRINGS = YES;
				SWIFT_VERSION = 5.0;
				TARGETED_DEVICE_FAMILY = "1,2";
			};
			name = Release;
		};
		81DA60A9272EAFA90032AB6A /* Debug */ = {
			isa = XCBuildConfiguration;
			buildSettings = {
				ALWAYS_EMBED_SWIFT_STANDARD_LIBRARIES = YES;
				BUNDLE_LOADER = "$(TEST_HOST)";
				CODE_SIGN_STYLE = Automatic;
				CURRENT_PROJECT_VERSION = 1;
				GENERATE_INFOPLIST_FILE = YES;
				IPHONEOS_DEPLOYMENT_TARGET = 15.0;
				LD_RUNPATH_SEARCH_PATHS = (
					"$(inherited)",
					"@executable_path/Frameworks",
					"@loader_path/Frameworks",
				);
				MARKETING_VERSION = 1.0;
				PRODUCT_BUNDLE_IDENTIFIER = com.google.TableViewsTests;
				PRODUCT_NAME = "$(TARGET_NAME)";
				SWIFT_EMIT_LOC_STRINGS = NO;
				SWIFT_VERSION = 5.0;
				TARGETED_DEVICE_FAMILY = "1,2";
				TEST_HOST = "$(BUILT_PRODUCTS_DIR)/TableViews.app/TableViews";
			};
			name = Debug;
		};
		81DA60AA272EAFA90032AB6A /* Release */ = {
			isa = XCBuildConfiguration;
			buildSettings = {
				ALWAYS_EMBED_SWIFT_STANDARD_LIBRARIES = YES;
				BUNDLE_LOADER = "$(TEST_HOST)";
				CODE_SIGN_STYLE = Automatic;
				CURRENT_PROJECT_VERSION = 1;
				GENERATE_INFOPLIST_FILE = YES;
				IPHONEOS_DEPLOYMENT_TARGET = 15.0;
				LD_RUNPATH_SEARCH_PATHS = (
					"$(inherited)",
					"@executable_path/Frameworks",
					"@loader_path/Frameworks",
				);
				MARKETING_VERSION = 1.0;
				PRODUCT_BUNDLE_IDENTIFIER = com.google.TableViewsTests;
				PRODUCT_NAME = "$(TARGET_NAME)";
				SWIFT_EMIT_LOC_STRINGS = NO;
				SWIFT_VERSION = 5.0;
				TARGETED_DEVICE_FAMILY = "1,2";
				TEST_HOST = "$(BUILT_PRODUCTS_DIR)/TableViews.app/TableViews";
			};
			name = Release;
		};
		81DA60AC272EAFA90032AB6A /* Debug */ = {
			isa = XCBuildConfiguration;
			buildSettings = {
				ALWAYS_EMBED_SWIFT_STANDARD_LIBRARIES = YES;
				CODE_SIGN_STYLE = Automatic;
				CURRENT_PROJECT_VERSION = 1;
				GENERATE_INFOPLIST_FILE = YES;
				LD_RUNPATH_SEARCH_PATHS = (
					"$(inherited)",
					"@executable_path/Frameworks",
					"@loader_path/Frameworks",
				);
				MARKETING_VERSION = 1.0;
				PRODUCT_BUNDLE_IDENTIFIER = com.google.TableViewsUITests;
				PRODUCT_NAME = "$(TARGET_NAME)";
				SWIFT_EMIT_LOC_STRINGS = NO;
				SWIFT_VERSION = 5.0;
				TARGETED_DEVICE_FAMILY = "1,2";
				TEST_TARGET_NAME = TableViews;
			};
			name = Debug;
		};
		81DA60AD272EAFA90032AB6A /* Release */ = {
			isa = XCBuildConfiguration;
			buildSettings = {
				ALWAYS_EMBED_SWIFT_STANDARD_LIBRARIES = YES;
				CODE_SIGN_STYLE = Automatic;
				CURRENT_PROJECT_VERSION = 1;
				GENERATE_INFOPLIST_FILE = YES;
				LD_RUNPATH_SEARCH_PATHS = (
					"$(inherited)",
					"@executable_path/Frameworks",
					"@loader_path/Frameworks",
				);
				MARKETING_VERSION = 1.0;
				PRODUCT_BUNDLE_IDENTIFIER = com.google.TableViewsUITests;
				PRODUCT_NAME = "$(TARGET_NAME)";
				SWIFT_EMIT_LOC_STRINGS = NO;
				SWIFT_VERSION = 5.0;
				TARGETED_DEVICE_FAMILY = "1,2";
				TEST_TARGET_NAME = TableViews;
			};
			name = Release;
		};
/* End XCBuildConfiguration section */

/* Begin XCConfigurationList section */
		81DA6076272EAFA40032AB6A /* Build configuration list for PBXProject "TableViews" */ = {
			isa = XCConfigurationList;
			buildConfigurations = (
				81DA60A3272EAFA90032AB6A /* Debug */,
				81DA60A4272EAFA90032AB6A /* Release */,
			);
			defaultConfigurationIsVisible = 0;
			defaultConfigurationName = Release;
		};
		81DA60A5272EAFA90032AB6A /* Build configuration list for PBXNativeTarget "TableViews" */ = {
			isa = XCConfigurationList;
			buildConfigurations = (
				81DA60A6272EAFA90032AB6A /* Debug */,
				81DA60A7272EAFA90032AB6A /* Release */,
			);
			defaultConfigurationIsVisible = 0;
			defaultConfigurationName = Release;
		};
		81DA60A8272EAFA90032AB6A /* Build configuration list for PBXNativeTarget "TableViewsTests" */ = {
			isa = XCConfigurationList;
			buildConfigurations = (
				81DA60A9272EAFA90032AB6A /* Debug */,
				81DA60AA272EAFA90032AB6A /* Release */,
			);
			defaultConfigurationIsVisible = 0;
			defaultConfigurationName = Release;
		};
		81DA60AB272EAFA90032AB6A /* Build configuration list for PBXNativeTarget "TableViewsUITests" */ = {
			isa = XCConfigurationList;
			buildConfigurations = (
				81DA60AC272EAFA90032AB6A /* Debug */,
				81DA60AD272EAFA90032AB6A /* Release */,
			);
			defaultConfigurationIsVisible = 0;
			defaultConfigurationName = Release;
		};
/* End XCConfigurationList section */
	};
	rootObject = 81DA6073272EAFA40032AB6A /* Project object */;
}
